
Microsoft Visual Studio Solution File, Format Version 12.00
# Visual Studio Version 17
VisualStudioVersion = 17.3.32929.385
MinimumVisualStudioVersion = 10.0.40219.1
Project("{FAE04EC0-301F-11D3-BF4B-00C04F79EFBC}") = "Mvccore", "Mvccore\Mvccore.csproj", "{643E0998-1D55-44E0-A194-81A5AD59C356}"
EndProject
Global
	GlobalSection(SolutionConfigurationPlatforms) = preSolution
		Debug|Any CPU = Debug|Any CPU
		Release|Any CPU = Release|Any CPU
	EndGlobalSection
	GlobalSection(ProjectConfigurationPlatforms) = postSolution
		{643E0998-1D55-44E0-A194-81A5AD59C356}.Debug|Any CPU.ActiveCfg = Debug|Any CPU
		{643E0998-1D55-44E0-A194-81A5AD59C356}.Debug|Any CPU.Build.0 = Debug|Any CPU
		{643E0998-1D55-44E0-A194-81A5AD59C356}.Release|Any CPU.ActiveCfg = Release|Any CPU
		{643E0998-1D55-44E0-A194-81A5AD59C356}.Release|Any CPU.Build.0 = Release|Any CPU
	EndGlobalSection
	GlobalSection(SolutionProperties) = preSolution
		HideSolutionNode = FALSE
	EndGlobalSection
	GlobalSection(ExtensibilityGlobals) = postSolution
		SolutionGuid = {6E7567B7-D23F-4F47-9821-66BA000AD7D7}
	EndGlobalSection
EndGlobal
